<Solution>
  <Folder Name="/Solution Items/">
    <File Path=".editorconfig" />
    <File Path=".github/workflows/dotnet.yml" />
    <File Path=".gitignore" />
    <File Path="Directory.Build.props" />
    <File Path="Directory.Packages.props" />
    <File Path="LICENSE" />
    <File Path="nuget.config" />
  </Folder>
  <Folder Name="/src/">
    <Project Path="src/Ruvarr.Console/Ruvarr.Console.csproj" />
    <Project Path="src/Ruvarr/Ruvarr.csproj" />
  </Folder>
  <Folder Name="/tests/">
    <Project Path="tests/Ruvarr.UnitTests/Ruvarr.UnitTests.csproj" />
  </Folder>
</Solution>
