<Solution>
  <Folder Name="/Solution Items/">
    <File Path=".editorconfig" />
    <File Path=".github/workflows/dotnet.yml" />
    <File Path=".gitignore" />
    <File Path="Directory.Build.props" />
    <File Path="Directory.Packages.props" />
    <File Path="LICENSE" />
    <File Path="nuget.config" />
  </Folder>
  <Folder Name="/src/">
    <Project Path="src/Ruvarr.Api/Ruvarr.Api.csproj" />
    <Project Path="src/Ruvarr.Blazor/Ruvarr.Blazor.csproj" />
    <Project Path="src/Ruvarr.Contracts/Ruvarr.Contracts.csproj" />
    <Project Path="src/Ruvarr/Ruvarr.csproj" />
  </Folder>
  <Folder Name="/tests/">
    <File Path="tests/.editorconfig" />
    <Project Path="tests/Ruvarr.Blazor.Tests/Ruvarr.Blazor.Tests.csproj" />
    <Project Path="tests/Ruvarr.IntegrationTests/Ruvarr.IntegrationTests.csproj" />
    <Project Path="tests/Ruvarr.Testing/Ruvarr.Testing.csproj" />
    <Project Path="tests/Ruvarr.UnitTests/Ruvarr.UnitTests.csproj" />
  </Folder>
</Solution>
